
Microsoft Visual Studio Solution File, Format Version 12.00
# Visual Studio Version 17
VisualStudioVersion = 17.7.34221.43
MinimumVisualStudioVersion = 10.0.40219.1
Project("{FAE04EC0-301F-11D3-BF4B-00C04F79EFBC}") = "Lab_02", "Lab_02\Lab_02.csproj", "{57A2A04C-5048-43F0-A5EB-5C8C9B4E180E}"
EndProject
Global
	GlobalSection(SolutionConfigurationPlatforms) = preSolution
		Debug|Any CPU = Debug|Any CPU
		Release|Any CPU = Release|Any CPU
	EndGlobalSection
	GlobalSection(ProjectConfigurationPlatforms) = postSolution
		{57A2A04C-5048-43F0-A5EB-5C8C9B4E180E}.Debug|Any CPU.ActiveCfg = Debug|Any CPU
		{57A2A04C-5048-43F0-A5EB-5C8C9B4E180E}.Debug|Any CPU.Build.0 = Debug|Any CPU
		{57A2A04C-5048-43F0-A5EB-5C8C9B4E180E}.Release|Any CPU.ActiveCfg = Release|Any CPU
		{57A2A04C-5048-43F0-A5EB-5C8C9B4E180E}.Release|Any CPU.Build.0 = Release|Any CPU
	EndGlobalSection
	GlobalSection(SolutionProperties) = preSolution
		HideSolutionNode = FALSE
	EndGlobalSection
	GlobalSection(ExtensibilityGlobals) = postSolution
		SolutionGuid = {B5C5CA28-CF43-4826-B832-50889EB37E1C}
	EndGlobalSection
EndGlobal
